
Microsoft Visual Studio Solution File, Format Version 12.00
# Visual Studio Version 17
VisualStudioVersion = 17.6.33829.357
MinimumVisualStudioVersion = 10.0.40219.1
Project("{9A19103F-16F7-4668-BE54-9A1E7A4F7556}") = "Exercice9", "Exercice9.csproj", "{7875E393-6C89-4366-BE07-C1B7EC57BCE0}"
EndProject
Project("{FAE04EC0-301F-11D3-BF4B-00C04F79EFBC}") = "Test Exercice9", "..\Test Exercice9\Test Exercice9.csproj", "{F4C07077-E4CA-42A0-A1EC-C55F7C3EF29B}"
EndProject
Global
	GlobalSection(SolutionConfigurationPlatforms) = preSolution
		Debug|Any CPU = Debug|Any CPU
		Release|Any CPU = Release|Any CPU
	EndGlobalSection
	GlobalSection(ProjectConfigurationPlatforms) = postSolution
		{7875E393-6C89-4366-BE07-C1B7EC57BCE0}.Debug|Any CPU.ActiveCfg = Debug|Any CPU
		{7875E393-6C89-4366-BE07-C1B7EC57BCE0}.Debug|Any CPU.Build.0 = Debug|Any CPU
		{7875E393-6C89-4366-BE07-C1B7EC57BCE0}.Release|Any CPU.ActiveCfg = Release|Any CPU
		{7875E393-6C89-4366-BE07-C1B7EC57BCE0}.Release|Any CPU.Build.0 = Release|Any CPU
		{F4C07077-E4CA-42A0-A1EC-C55F7C3EF29B}.Debug|Any CPU.ActiveCfg = Debug|Any CPU
		{F4C07077-E4CA-42A0-A1EC-C55F7C3EF29B}.Debug|Any CPU.Build.0 = Debug|Any CPU
		{F4C07077-E4CA-42A0-A1EC-C55F7C3EF29B}.Release|Any CPU.ActiveCfg = Release|Any CPU
		{F4C07077-E4CA-42A0-A1EC-C55F7C3EF29B}.Release|Any CPU.Build.0 = Release|Any CPU
	EndGlobalSection
	GlobalSection(SolutionProperties) = preSolution
		HideSolutionNode = FALSE
	EndGlobalSection
	GlobalSection(ExtensibilityGlobals) = postSolution
		SolutionGuid = {57A76253-C3ED-4996-8C10-059C352E7C46}
	EndGlobalSection
EndGlobal
